
Microsoft Visual Studio Solution File, Format Version 12.00
# Visual Studio 15
VisualStudioVersion = 15.0.27428.2043
MinimumVisualStudioVersion = 10.0.40219.1
Project("{9A19103F-16F7-4668-BE54-9A1E7A4F7556}") = "WebApi", "WebApi\WebApi.csproj", "{01ABBD3A-6111-4A1F-9ED7-9B430C408E39}"
EndProject
Global
	GlobalSection(SolutionConfigurationPlatforms) = preSolution
		Debug|Any CPU = Debug|Any CPU
		Release|Any CPU = Release|Any CPU
	EndGlobalSection
	GlobalSection(ProjectConfigurationPlatforms) = postSolution
		{01ABBD3A-6111-4A1F-9ED7-9B430C408E39}.Debug|Any CPU.ActiveCfg = Debug|Any CPU
		{01ABBD3A-6111-4A1F-9ED7-9B430C408E39}.Debug|Any CPU.Build.0 = Debug|Any CPU
		{01ABBD3A-6111-4A1F-9ED7-9B430C408E39}.Release|Any CPU.ActiveCfg = Release|Any CPU
		{01ABBD3A-6111-4A1F-9ED7-9B430C408E39}.Release|Any CPU.Build.0 = Release|Any CPU
	EndGlobalSection
	GlobalSection(SolutionProperties) = preSolution
		HideSolutionNode = FALSE
	EndGlobalSection
	GlobalSection(ExtensibilityGlobals) = postSolution
		SolutionGuid = {690B294E-F363-4D69-BEA2-54F733CA8EE9}
	EndGlobalSection
EndGlobal
